# THIS IS AN AUTOGENERATED FILE. DO NOT EDIT THIS FILE DIRECTLY.
# yarn lockfile v1


clipboard-copy@^3.0.0:
  version "3.1.0"
  resolved "https://registry.yarnpkg.com/clipboard-copy/-/clipboard-copy-3.1.0.tgz#4c59030a43d4988990564a664baeafba99f78ca4"
  integrity sha512-Xsu1NddBXB89IUauda5BIq3Zq73UWkjkaQlPQbLNvNsd5WBMnTWPNKYR6HGaySOxGYZ+BKxP2E9X4ElnI3yiPA==

use-clipboard-copy@^0.1.2:
  version "0.1.2"
  resolved "https://registry.yarnpkg.com/use-clipboard-copy/-/use-clipboard-copy-0.1.2.tgz#83b16292dfa8ea262be714252022a8b4ad1c28c5"
  integrity sha512-EkauxqyX+us4+Mfif/f61ew89EAOWIArqFpHR0jSG4SwwuDZzDAOeqO7gkK0vi+DQVADeB1RB3xqU3U0oOO3NQ==
  dependencies:
    clipboard-copy "^3.0.0"
